{
  "name": "travel app react",
  "lockfileVersion": 3,
  "requires": true,
  "packages": {
    "": {
      "dependencies": {
        "@google/generative-ai": "^0.24.1",
        "@syncfusion/ej2-base": "^33.1.45",
        "@syncfusion/ej2-react-buttons": "^33.1.44",
        "@syncfusion/ej2-react-charts": "^33.1.44",
        "@syncfusion/ej2-react-dropdowns": "^33.1.46",
        "@syncfusion/ej2-react-grids": "^33.1.46",
        "@syncfusion/ej2-react-maps": "^33.1.44",
        "@syncfusion/ej2-react-navigations": "^33.1.46",
        "@syncfusion/ej2-react-splitbuttons": "^33.1.44",
        "appwrite": "^24.1.1",
        "clsx": "^2.1.1",
        "dayjs": "^1.11.20",
        "tailwind-merge": "^3.5.0"
      }
    },
    "node_modules/@google/generative-ai": {
      "version": "0.24.1",
      "resolved": "https://registry.npmjs.org/@google/generative-ai/-/generative-ai-0.24.1.tgz",
      "integrity": "sha512-MqO+MLfM6kjxcKoy0p1wRzG3b4ZZXtPI+z2IE26UogS2Cm/XHO+7gGRBh6gcJsOiIVoH93UwKvW4HdgiOZCy9Q==",
      "license": "Apache-2.0",
      "engines": {
        "node": ">=18.0.0"
      }
    },
    "node_modules/@syncfusion/ej2-base": {
      "version": "33.1.45",
      "resolved": "https://registry.npmjs.org/@syncfusion/ej2-base/-/ej2-base-33.1.45.tgz",
      "integrity": "sha512-gMSnS0nH+9udFsKer99RcDiIvHIk+JtJ9bQfaW35CoQgB/hDcqganxwsHVeVUAiDThp+rzxhuaiUGUQ00fN1Gw==",
      "license": "SEE LICENSE IN license",
      "dependencies": {
        "@syncfusion/ej2-icons": "~33.1.44"
      },
      "bin": {
        "syncfusion-license": "bin/syncfusion-license.js"
      }
    },
    "node_modules/@syncfusion/ej2-buttons": {
      "version": "33.1.44",
      "resolved": "https://registry.npmjs.org/@syncfusion/ej2-buttons/-/ej2-buttons-33.1.44.tgz",
      "integrity": "sha512-YNrvcsqrpLeeR6iwfYMr8fIWZ9TDYSWILywcygac9F/EgVV3dUSRTYW8U4rERo92BZLbDvkMjPx7u1XU7nRCsA==",
      "license": "SEE LICENSE IN license",
      "dependencies": {
        "@syncfusion/ej2-base": "~33.1.44"
      }
    },
    "node_modules/@syncfusion/ej2-calendars": {
      "version": "33.1.44",
      "resolved": "https://registry.npmjs.org/@syncfusion/ej2-calendars/-/ej2-calendars-33.1.44.tgz",
      "integrity": "sha512-pMu+JxXysjied8XyjwIPH12I1tdmYsw5UYMhwt2ONYj3d8XznkV3WsSqUx4L3ap/2C8E8cZCPJcCaSFl/Re9ew==",
      "license": "SEE LICENSE IN license",
      "dependencies": {
        "@syncfusion/ej2-base": "~33.1.44",
        "@syncfusion/ej2-buttons": "~33.1.44",
        "@syncfusion/ej2-inputs": "~33.1.44",
        "@syncfusion/ej2-lists": "~33.1.44",
        "@syncfusion/ej2-popups": "~33.1.44"
      }
    },
    "node_modules/@syncfusion/ej2-charts": {
      "version": "33.1.44",
      "resolved": "https://registry.npmjs.org/@syncfusion/ej2-charts/-/ej2-charts-33.1.44.tgz",
      "integrity": "sha512-ZW8P6RD5isYfgi+myk3OJtat7KGWCliL3TxlCLeg8wxDOZJx2F8vrxRUm+hXNGhnbHpQLfcpI3ImrNfs2WTuZA==",
      "license": "SEE LICENSE IN license",
      "dependencies": {
        "@syncfusion/ej2-base": "~33.1.44",
        "@syncfusion/ej2-calendars": "~33.1.44",
        "@syncfusion/ej2-data": "~33.1.44",
        "@syncfusion/ej2-excel-export": "~33.1.44",
        "@syncfusion/ej2-navigations": "~33.1.44",
        "@syncfusion/ej2-pdf-export": "~33.1.44",
        "@syncfusion/ej2-svg-base": "~33.1.44"
      }
    },
    "node_modules/@syncfusion/ej2-compression": {
      "version": "33.1.44",
      "resolved": "https://registry.npmjs.org/@syncfusion/ej2-compression/-/ej2-compression-33.1.44.tgz",
      "integrity": "sha512-QXXhgIYxgBMEKGHN6jegfmvJIWgayuNT1XdvKrtDE38KAphN0yO6mtjDemhmtQRQzqSY9f9xeeU8XaDtGCwOMA==",
      "license": "SEE LICENSE IN license",
      "dependencies": {
        "@syncfusion/ej2-file-utils": "~33.1.44"
      }
    },
    "node_modules/@syncfusion/ej2-data": {
      "version": "33.1.45",
      "resolved": "https://registry.npmjs.org/@syncfusion/ej2-data/-/ej2-data-33.1.45.tgz",
      "integrity": "sha512-zIFC6Nl/PE+eVBd+8w4LaJhrpEXAakbSRxgsNctsqrMxoDidOH7MIpLFy/cEXVKanAF7nbeYItkVGcjLCLtLow==",
      "license": "SEE LICENSE IN license",
      "dependencies": {
        "@syncfusion/ej2-base": "~33.1.45"
      }
    },
    "node_modules/@syncfusion/ej2-dropdowns": {
      "version": "33.1.46",
      "resolved": "https://registry.npmjs.org/@syncfusion/ej2-dropdowns/-/ej2-dropdowns-33.1.46.tgz",
      "integrity": "sha512-lx50pdAJoGOestBE070shwdaw2LUUyW5jU+lHlsb+pGHy52e4ldNWHXEeRhHe1Gb3GSGotGiIm5B8o7dgglSbg==",
      "license": "SEE LICENSE IN license",
      "dependencies": {
        "@syncfusion/ej2-base": "~33.1.45",
        "@syncfusion/ej2-data": "~33.1.45",
        "@syncfusion/ej2-inputs": "~33.1.44",
        "@syncfusion/ej2-lists": "~33.1.44",
        "@syncfusion/ej2-navigations": "~33.1.46",
        "@syncfusion/ej2-notifications": "~33.1.44",
        "@syncfusion/ej2-popups": "~33.1.44"
      }
    },
    "node_modules/@syncfusion/ej2-excel-export": {
      "version": "33.1.44",
      "resolved": "https://registry.npmjs.org/@syncfusion/ej2-excel-export/-/ej2-excel-export-33.1.44.tgz",
      "integrity": "sha512-9C0qYmVXkxSGJJ5SjcXWHsTEOeS7LIVer30BpgpiulpVv8wbgTbwcozYvPNCf1N2N805v5qOga0Ts7e0lMKMxA==",
      "license": "SEE LICENSE IN license",
      "dependencies": {
        "@syncfusion/ej2-base": "~33.1.44",
        "@syncfusion/ej2-compression": "~33.1.44"
      }
    },
    "node_modules/@syncfusion/ej2-file-utils": {
      "version": "33.1.44",
      "resolved": "https://registry.npmjs.org/@syncfusion/ej2-file-utils/-/ej2-file-utils-33.1.44.tgz",
      "integrity": "sha512-CJxfNLbdLvSiV+ppsjJrqXx3PxGcjjfnD7D5Oi5JS7ss9j5o8KBE+oR+70yTEdW87Z5+CQVND3qVbUnrCOiO3Q==",
      "license": "SEE LICENSE IN license"
    },
    "node_modules/@syncfusion/ej2-grids": {
      "version": "33.1.46",
      "resolved": "https://registry.npmjs.org/@syncfusion/ej2-grids/-/ej2-grids-33.1.46.tgz",
      "integrity": "sha512-woumD0NNOdYbjw5cw3LHqFwG4HwfioQSDNweixt4b04YIiY8ZUlDLooXxrMDMSetiBJ6YBR1PR4DoTYHviL2Jg==",
      "license": "SEE LICENSE IN license",
      "dependencies": {
        "@syncfusion/ej2-base": "~33.1.45",
        "@syncfusion/ej2-buttons": "~33.1.44",
        "@syncfusion/ej2-calendars": "~33.1.44",
        "@syncfusion/ej2-compression": "~33.1.44",
        "@syncfusion/ej2-data": "~33.1.45",
        "@syncfusion/ej2-dropdowns": "~33.1.46",
        "@syncfusion/ej2-excel-export": "~33.1.44",
        "@syncfusion/ej2-file-utils": "~33.1.44",
        "@syncfusion/ej2-inputs": "~33.1.44",
        "@syncfusion/ej2-lists": "~33.1.44",
        "@syncfusion/ej2-navigations": "~33.1.46",
        "@syncfusion/ej2-notifications": "~33.1.44",
        "@syncfusion/ej2-pdf-export": "~33.1.44",
        "@syncfusion/ej2-popups": "~33.1.44",
        "@syncfusion/ej2-splitbuttons": "~33.1.44"
      }
    },
    "node_modules/@syncfusion/ej2-icons": {
      "version": "33.1.44",
      "resolved": "https://registry.npmjs.org/@syncfusion/ej2-icons/-/ej2-icons-33.1.44.tgz",
      "integrity": "sha512-H0KwwIMC1JUiSMFLSHDCxgBvmHdVpcp5ZJo4/DosqVg6feilVZGoT9zM+hxOyFbXKktHTPODsiYIbxqjpYQgvA==",
      "license": "SEE LICENSE IN license"
    },
    "node_modules/@syncfusion/ej2-inputs": {
      "version": "33.1.44",
      "resolved": "https://registry.npmjs.org/@syncfusion/ej2-inputs/-/ej2-inputs-33.1.44.tgz",
      "integrity": "sha512-FVDLjiamOzk+x9WODhb58fg27/FL7o9PqRg6qZdvnxV6AZGq+Hsrt8MZVuTa3RJdmkZxTCysUmDTSFM228bHaA==",
      "license": "SEE LICENSE IN license",
      "dependencies": {
        "@syncfusion/ej2-base": "~33.1.44",
        "@syncfusion/ej2-buttons": "~33.1.44",
        "@syncfusion/ej2-popups": "~33.1.44",
        "@syncfusion/ej2-splitbuttons": "~33.1.44"
      }
    },
    "node_modules/@syncfusion/ej2-lists": {
      "version": "33.1.44",
      "resolved": "https://registry.npmjs.org/@syncfusion/ej2-lists/-/ej2-lists-33.1.44.tgz",
      "integrity": "sha512-BqYDniZDjhpdc7+AB9wVbSGYZqWBVapS/+h07L3GNVToY7id+xzV2jwSKRWyR+qtGGOULXw3Dl9KnY3FFIf69w==",
      "license": "SEE LICENSE IN license",
      "dependencies": {
        "@syncfusion/ej2-base": "~33.1.44",
        "@syncfusion/ej2-buttons": "~33.1.44",
        "@syncfusion/ej2-data": "~33.1.44",
        "@syncfusion/ej2-popups": "~33.1.44"
      }
    },
    "node_modules/@syncfusion/ej2-maps": {
      "version": "33.1.44",
      "resolved": "https://registry.npmjs.org/@syncfusion/ej2-maps/-/ej2-maps-33.1.44.tgz",
      "integrity": "sha512-TYNWsZvMEDTJ1Lo6ZKXDBn+3it1U1hUMOB7VM9q9c/oI5z6vbWrnICXHm9lEj1LktmA8U4GLH6Yro822twQk8Q==",
      "license": "SEE LICENSE IN license",
      "dependencies": {
        "@syncfusion/ej2-base": "~33.1.44",
        "@syncfusion/ej2-buttons": "~33.1.44",
        "@syncfusion/ej2-compression": "~33.1.44",
        "@syncfusion/ej2-data": "~33.1.44",
        "@syncfusion/ej2-file-utils": "~33.1.44",
        "@syncfusion/ej2-pdf-export": "~33.1.44",
        "@syncfusion/ej2-svg-base": "~33.1.44"
      }
    },
    "node_modules/@syncfusion/ej2-navigations": {
      "version": "33.1.46",
      "resolved": "https://registry.npmjs.org/@syncfusion/ej2-navigations/-/ej2-navigations-33.1.46.tgz",
      "integrity": "sha512-dPWKD1DdfXLUaao/+YB6OhJLwoWHLKL8DoK78N6kt2MT9n9P5aJQtnYfnKeoy/svzXOkrJXOE9SYdMKlBxxPfg==",
      "license": "SEE LICENSE IN license",
      "dependencies": {
        "@syncfusion/ej2-base": "~33.1.45",
        "@syncfusion/ej2-buttons": "~33.1.44",
        "@syncfusion/ej2-data": "~33.1.45",
        "@syncfusion/ej2-inputs": "~33.1.44",
        "@syncfusion/ej2-lists": "~33.1.44",
        "@syncfusion/ej2-popups": "~33.1.44"
      }
    },
    "node_modules/@syncfusion/ej2-notifications": {
      "version": "33.1.44",
      "resolved": "https://registry.npmjs.org/@syncfusion/ej2-notifications/-/ej2-notifications-33.1.44.tgz",
      "integrity": "sha512-leoQ1K6yR9NgU72YOactbw3aIUbflCqMOd0DmYBphF0tTunKVl13zHqRzZjGvz7f4wZwhAWIs5PAaagm99CSmA==",
      "license": "SEE LICENSE IN license",
      "dependencies": {
        "@syncfusion/ej2-base": "~33.1.44",
        "@syncfusion/ej2-buttons": "~33.1.44",
        "@syncfusion/ej2-popups": "~33.1.44"
      }
    },
    "node_modules/@syncfusion/ej2-pdf-export": {
      "version": "33.1.44",
      "resolved": "https://registry.npmjs.org/@syncfusion/ej2-pdf-export/-/ej2-pdf-export-33.1.44.tgz",
      "integrity": "sha512-LzjsQS8FFfC6oEgbKhudvjiVQHHd52/cHhMcP18NeGVxnHkd5Oww08dN+l/kZrm4JqdkbnQTm8L/yCoVTjTOeA==",
      "license": "SEE LICENSE IN license",
      "dependencies": {
        "@syncfusion/ej2-compression": "~33.1.44"
      }
    },
    "node_modules/@syncfusion/ej2-popups": {
      "version": "33.1.44",
      "resolved": "https://registry.npmjs.org/@syncfusion/ej2-popups/-/ej2-popups-33.1.44.tgz",
      "integrity": "sha512-LjP2kNT5oOpBN+zOIFka1Zx2Qwuw7fkTZBiqHpRCLDC7le+mRy81KUia2dHhJ9R3rp7sBRe8LuBH5kRJax28Nw==",
      "license": "SEE LICENSE IN license",
      "dependencies": {
        "@syncfusion/ej2-base": "~33.1.44",
        "@syncfusion/ej2-buttons": "~33.1.44"
      }
    },
    "node_modules/@syncfusion/ej2-react-base": {
      "version": "33.1.44",
      "resolved": "https://registry.npmjs.org/@syncfusion/ej2-react-base/-/ej2-react-base-33.1.44.tgz",
      "integrity": "sha512-soZZjquOUEjv56c5MWF9rS3Za58LZngkcAolHI1dseq23WBbZU2PEtqsGThTtCEqkqVOyZabghFuq3UDIFDhHA==",
      "license": "SEE LICENSE IN license",
      "dependencies": {
        "@syncfusion/ej2-base": "~33.1.44"
      }
    },
    "node_modules/@syncfusion/ej2-react-buttons": {
      "version": "33.1.44",
      "resolved": "https://registry.npmjs.org/@syncfusion/ej2-react-buttons/-/ej2-react-buttons-33.1.44.tgz",
      "integrity": "sha512-VAoGHxj2W1agmJ6tGCoFitDH8LaPtDpK2zXb8zMnei0FJ5ssPxOzFSqOcG9Uvwsw6D0qBK1FLLh4OhEWzhX93w==",
      "license": "SEE LICENSE IN license",
      "dependencies": {
        "@syncfusion/ej2-base": "~33.1.44",
        "@syncfusion/ej2-buttons": "33.1.44",
        "@syncfusion/ej2-react-base": "~33.1.44"
      }
    },
    "node_modules/@syncfusion/ej2-react-charts": {
      "version": "33.1.44",
      "resolved": "https://registry.npmjs.org/@syncfusion/ej2-react-charts/-/ej2-react-charts-33.1.44.tgz",
      "integrity": "sha512-8GJM6OjGhqOfFwTagx/Tj8Rd45c6jrt3cksYgKlMxZuKwFLeyGuGxddk8RwOhAuEoSokxwSD2uCHq5cRZGTJ3A==",
      "license": "SEE LICENSE IN license",
      "dependencies": {
        "@syncfusion/ej2-base": "~33.1.44",
        "@syncfusion/ej2-charts": "33.1.44",
        "@syncfusion/ej2-react-base": "~33.1.44"
      }
    },
    "node_modules/@syncfusion/ej2-react-dropdowns": {
      "version": "33.1.46",
      "resolved": "https://registry.npmjs.org/@syncfusion/ej2-react-dropdowns/-/ej2-react-dropdowns-33.1.46.tgz",
      "integrity": "sha512-H+L2Gx7v9ghzp+Ka/OAkf9Iojw7sIvaUDi1v3aLkFDzMPhCugAlnNKm2vFAQyUOFb/kSjiOZLOf7bBq9LH9r3A==",
      "license": "SEE LICENSE IN license",
      "dependencies": {
        "@syncfusion/ej2-base": "~33.1.45",
        "@syncfusion/ej2-dropdowns": "33.1.46",
        "@syncfusion/ej2-react-base": "~33.1.44"
      }
    },
    "node_modules/@syncfusion/ej2-react-grids": {
      "version": "33.1.46",
      "resolved": "https://registry.npmjs.org/@syncfusion/ej2-react-grids/-/ej2-react-grids-33.1.46.tgz",
      "integrity": "sha512-BHZ9Sdw+0xOPsc3xOAIOe8G3dIFAhLOME7pmXutYdeVm8hJGmaUTSFsENy+N6Fh9G+5Hs8p+xRSWx3kPFRuFEg==",
      "license": "SEE LICENSE IN license",
      "dependencies": {
        "@syncfusion/ej2-base": "~33.1.45",
        "@syncfusion/ej2-grids": "33.1.46",
        "@syncfusion/ej2-react-base": "~33.1.44"
      }
    },
    "node_modules/@syncfusion/ej2-react-maps": {
      "version": "33.1.44",
      "resolved": "https://registry.npmjs.org/@syncfusion/ej2-react-maps/-/ej2-react-maps-33.1.44.tgz",
      "integrity": "sha512-KWKdQeIOYh0CDJXwcdDWz+5yjFYSkBC4gYsRBYyOw8LYOrYhNLJ65r4RzUVg/vW7T7Xtf5JfNrxzCQSilsv3fg==",
      "license": "SEE LICENSE IN license",
      "dependencies": {
        "@syncfusion/ej2-base": "~33.1.44",
        "@syncfusion/ej2-maps": "33.1.44",
        "@syncfusion/ej2-react-base": "~33.1.44"
      }
    },
    "node_modules/@syncfusion/ej2-react-navigations": {
      "version": "33.1.46",
      "resolved": "https://registry.npmjs.org/@syncfusion/ej2-react-navigations/-/ej2-react-navigations-33.1.46.tgz",
      "integrity": "sha512-LVGltUDaIblDoZpppIXbTP1/m6wPEI9l1dVxByvdkhuX5XigQzxIDXQC7J60uZS+HQN/1Hr1Brmyqe2TzmhSmA==",
      "license": "SEE LICENSE IN license",
      "dependencies": {
        "@syncfusion/ej2-base": "~33.1.45",
        "@syncfusion/ej2-navigations": "33.1.46",
        "@syncfusion/ej2-react-base": "~33.1.44"
      }
    },
    "node_modules/@syncfusion/ej2-react-splitbuttons": {
      "version": "33.1.44",
      "resolved": "https://registry.npmjs.org/@syncfusion/ej2-react-splitbuttons/-/ej2-react-splitbuttons-33.1.44.tgz",
      "integrity": "sha512-+LEZJ9yaz/HZjusayg2wofQZifenaV7s3P1SSG5KF1nSOE8d4kuoIIEPaxAJmikBUqkU+NOD3eDeearGs83/dQ==",
      "license": "SEE LICENSE IN license",
      "dependencies": {
        "@syncfusion/ej2-base": "~33.1.44",
        "@syncfusion/ej2-react-base": "~33.1.44",
        "@syncfusion/ej2-splitbuttons": "33.1.44"
      }
    },
    "node_modules/@syncfusion/ej2-splitbuttons": {
      "version": "33.1.44",
      "resolved": "https://registry.npmjs.org/@syncfusion/ej2-splitbuttons/-/ej2-splitbuttons-33.1.44.tgz",
      "integrity": "sha512-gTuzWFfp+Y7dM0YwX3RdaHB5z9wkBDfSsE7hutazSUDFqyklTold45t33oDJikYlsr1w7tCeqY6LwZjMRchBHw==",
      "license": "SEE LICENSE IN license",
      "dependencies": {
        "@syncfusion/ej2-base": "~33.1.44",
        "@syncfusion/ej2-popups": "~33.1.44"
      }
    },
    "node_modules/@syncfusion/ej2-svg-base": {
      "version": "33.1.44",
      "resolved": "https://registry.npmjs.org/@syncfusion/ej2-svg-base/-/ej2-svg-base-33.1.44.tgz",
      "integrity": "sha512-KrOBOJROi1DGL2tqGimDXId9IftmV9nx7IKScc7s+bpWrlORx3nbIVMRCTPetiOYPQYYAVP1oRHZqqWAQPmpPw==",
      "license": "SEE LICENSE IN license",
      "dependencies": {
        "@syncfusion/ej2-base": "~33.1.44"
      }
    },
    "node_modules/appwrite": {
      "version": "24.1.1",
      "resolved": "https://registry.npmjs.org/appwrite/-/appwrite-24.1.1.tgz",
      "integrity": "sha512-6dTKZe059GWyrH1AObfC0KR20vmQ9+wUo3iCRmM4lFofTRMrSzjCEcblpNERXHVKrLlzsr1T4kQweQEgrp89yQ==",
      "license": "BSD-3-Clause",
      "dependencies": {
        "json-bigint": "1.0.0"
      }
    },
    "node_modules/bignumber.js": {
      "version": "9.3.1",
      "resolved": "https://registry.npmjs.org/bignumber.js/-/bignumber.js-9.3.1.tgz",
      "integrity": "sha512-Ko0uX15oIUS7wJ3Rb30Fs6SkVbLmPBAKdlm7q9+ak9bbIeFf0MwuBsQV6z7+X768/cHsfg+WlysDWJcmthjsjQ==",
      "license": "MIT",
      "engines": {
        "node": "*"
      }
    },
    "node_modules/clsx": {
      "version": "2.1.1",
      "resolved": "https://registry.npmjs.org/clsx/-/clsx-2.1.1.tgz",
      "integrity": "sha512-eYm0QWBtUrBWZWG0d386OGAw16Z995PiOVo2B7bjWSbHedGl5e0ZWaq65kOGgUSNesEIDkB9ISbTg/JK9dhCZA==",
      "license": "MIT",
      "engines": {
        "node": ">=6"
      }
    },
    "node_modules/dayjs": {
      "version": "1.11.20",
      "resolved": "https://registry.npmjs.org/dayjs/-/dayjs-1.11.20.tgz",
      "integrity": "sha512-YbwwqR/uYpeoP4pu043q+LTDLFBLApUP6VxRihdfNTqu4ubqMlGDLd6ErXhEgsyvY0K6nCs7nggYumAN+9uEuQ==",
      "license": "MIT"
    },
    "node_modules/json-bigint": {
      "version": "1.0.0",
      "resolved": "https://registry.npmjs.org/json-bigint/-/json-bigint-1.0.0.tgz",
      "integrity": "sha512-SiPv/8VpZuWbvLSMtTDU8hEfrZWg/mH/nV/b4o0CYbSxu1UIQPLdwKOCIyLQX+VIPO5vrLX3i8qtqFyhdPSUSQ==",
      "license": "MIT",
      "dependencies": {
        "bignumber.js": "^9.0.0"
      }
    },
    "node_modules/tailwind-merge": {
      "version": "3.5.0",
      "resolved": "https://registry.npmjs.org/tailwind-merge/-/tailwind-merge-3.5.0.tgz",
      "integrity": "sha512-I8K9wewnVDkL1NTGoqWmVEIlUcB9gFriAEkXkfCjX5ib8ezGxtR3xD7iZIxrfArjEsH7F1CHD4RFUtxefdqV/A==",
      "license": "MIT",
      "funding": {
        "type": "github",
        "url": "https://github.com/sponsors/dcastil"
      }
    }
  }
}
